// !$*UTF8*$!
{
	archiveVersion = 1;
	classes = {
	};
	objectVersion = 56;
	objects = {

/* Begin PBXBuildFile section */
		9806DCCE2AA07F4900BE9A5D /* GoogleService-Info.plist in Resources */ = {isa = PBXBuildFile; fileRef = 9806DCCD2AA07F4900BE9A5D /* GoogleService-Info.plist */; };
		9844CA362AA1C721009D8ACC /* Const.swift in Sources */ = {isa = PBXBuildFile; fileRef = 9844CA352AA1C721009D8ACC /* Const.swift */; };
		98A76BA62A9C360E0088EF41 /* HomeViewController.swift in Sources */ = {isa = PBXBuildFile; fileRef = 98A76BA52A9C360E0088EF41 /* HomeViewController.swift */; };
		98A76BA82A9C36200088EF41 /* ImageSelectViewController.swift in Sources */ = {isa = PBXBuildFile; fileRef = 98A76BA72A9C36200088EF41 /* ImageSelectViewController.swift */; };
		98A76BAA2A9C36350088EF41 /* PostViewController.swift in Sources */ = {isa = PBXBuildFile; fileRef = 98A76BA92A9C36350088EF41 /* PostViewController.swift */; };
		98A76BAC2A9C364A0088EF41 /* SettingViewController.swift in Sources */ = {isa = PBXBuildFile; fileRef = 98A76BAB2A9C364A0088EF41 /* SettingViewController.swift */; };
		98A76BAE2A9C40290088EF41 /* ViewController.swift in Sources */ = {isa = PBXBuildFile; fileRef = 98A76BAD2A9C40290088EF41 /* ViewController.swift */; };
		98A76BB02A9C47D60088EF41 /* TabBarController.swift in Sources */ = {isa = PBXBuildFile; fileRef = 98A76BAF2A9C47D60088EF41 /* TabBarController.swift */; };
		98F799812A96074400DA8E83 /* AppDelegate.swift in Sources */ = {isa = PBXBuildFile; fileRef = 98F799802A96074400DA8E83 /* AppDelegate.swift */; };
		98F799832A96074400DA8E83 /* SceneDelegate.swift in Sources */ = {isa = PBXBuildFile; fileRef = 98F799822A96074400DA8E83 /* SceneDelegate.swift */; };
		98F799882A96074400DA8E83 /* Main.storyboard in Resources */ = {isa = PBXBuildFile; fileRef = 98F799862A96074400DA8E83 /* Main.storyboard */; };
		98F7998A2A96074600DA8E83 /* Assets.xcassets in Resources */ = {isa = PBXBuildFile; fileRef = 98F799892A96074600DA8E83 /* Assets.xcassets */; };
		98F7998D2A96074600DA8E83 /* LaunchScreen.storyboard in Resources */ = {isa = PBXBuildFile; fileRef = 98F7998B2A96074600DA8E83 /* LaunchScreen.storyboard */; };
		98F799952A9607CD00DA8E83 /* LoginViewController.swift in Sources */ = {isa = PBXBuildFile; fileRef = 98F799942A9607CD00DA8E83 /* LoginViewController.swift */; };
		C83723F8D47572473137061D /* Pods_Instagram.framework in Frameworks */ = {isa = PBXBuildFile; fileRef = 68AB35C852FFEC117C7EE02F /* Pods_Instagram.framework */; };
/* End PBXBuildFile section */

/* Begin PBXFileReference section */
		1690EE725F18260F4208DB9F /* Pods-Instagram.debug.xcconfig */ = {isa = PBXFileReference; includeInIndex = 1; lastKnownFileType = text.xcconfig; name = "Pods-Instagram.debug.xcconfig"; path = "Target Support Files/Pods-Instagram/Pods-Instagram.debug.xcconfig"; sourceTree = "<group>"; };
		42CADBA5ED008EE56BEAF9D2 /* Pods-Instagram.release.xcconfig */ = {isa = PBXFileReference; includeInIndex = 1; lastKnownFileType = text.xcconfig; name = "Pods-Instagram.release.xcconfig"; path = "Target Support Files/Pods-Instagram/Pods-Instagram.release.xcconfig"; sourceTree = "<group>"; };
		68AB35C852FFEC117C7EE02F /* Pods_Instagram.framework */ = {isa = PBXFileReference; explicitFileType = wrapper.framework; includeInIndex = 0; path = Pods_Instagram.framework; sourceTree = BUILT_PRODUCTS_DIR; };
		9806DCCD2AA07F4900BE9A5D /* GoogleService-Info.plist */ = {isa = PBXFileReference; fileEncoding = 4; lastKnownFileType = text.plist.xml; path = "GoogleService-Info.plist"; sourceTree = "<group>"; };
		9844CA352AA1C721009D8ACC /* Const.swift */ = {isa = PBXFileReference; lastKnownFileType = sourcecode.swift; path = Const.swift; sourceTree = "<group>"; };
		98A76BA52A9C360E0088EF41 /* HomeViewController.swift */ = {isa = PBXFileReference; lastKnownFileType = sourcecode.swift; path = HomeViewController.swift; sourceTree = "<group>"; };
		98A76BA72A9C36200088EF41 /* ImageSelectViewController.swift */ = {isa = PBXFileReference; lastKnownFileType = sourcecode.swift; path = ImageSelectViewController.swift; sourceTree = "<group>"; };
		98A76BA92A9C36350088EF41 /* PostViewController.swift */ = {isa = PBXFileReference; lastKnownFileType = sourcecode.swift; path = PostViewController.swift; sourceTree = "<group>"; };
		98A76BAB2A9C364A0088EF41 /* SettingViewController.swift */ = {isa = PBXFileReference; lastKnownFileType = sourcecode.swift; path = SettingViewController.swift; sourceTree = "<group>"; };
		98A76BAD2A9C40290088EF41 /* ViewController.swift */ = {isa = PBXFileReference; lastKnownFileType = sourcecode.swift; path = ViewController.swift; sourceTree = "<group>"; };
		98A76BAF2A9C47D60088EF41 /* TabBarController.swift */ = {isa = PBXFileReference; lastKnownFileType = sourcecode.swift; path = TabBarController.swift; sourceTree = "<group>"; };
		98F7997D2A96074400DA8E83 /* Instagram.app */ = {isa = PBXFileReference; explicitFileType = wrapper.application; includeInIndex = 0; path = Instagram.app; sourceTree = BUILT_PRODUCTS_DIR; };
		98F799802A96074400DA8E83 /* AppDelegate.swift */ = {isa = PBXFileReference; lastKnownFileType = sourcecode.swift; path = AppDelegate.swift; sourceTree = "<group>"; };
		98F799822A96074400DA8E83 /* SceneDelegate.swift */ = {isa = PBXFileReference; lastKnownFileType = sourcecode.swift; path = SceneDelegate.swift; sourceTree = "<group>"; };
		98F799872A96074400DA8E83 /* Base */ = {isa = PBXFileReference; lastKnownFileType = file.storyboard; name = Base; path = Base.lproj/Main.storyboard; sourceTree = "<group>"; };
		98F799892A96074600DA8E83 /* Assets.xcassets */ = {isa = PBXFileReference; lastKnownFileType = folder.assetcatalog; path = Assets.xcassets; sourceTree = "<group>"; };
		98F7998C2A96074600DA8E83 /* Base */ = {isa = PBXFileReference; lastKnownFileType = file.storyboard; name = Base; path = Base.lproj/LaunchScreen.storyboard; sourceTree = "<group>"; };
		98F7998E2A96074600DA8E83 /* Info.plist */ = {isa = PBXFileReference; lastKnownFileType = text.plist.xml; path = Info.plist; sourceTree = "<group>"; };
		98F799942A9607CD00DA8E83 /* LoginViewController.swift */ = {isa = PBXFileReference; lastKnownFileType = sourcecode.swift; path = LoginViewController.swift; sourceTree = "<group>"; };
/* End PBXFileReference section */

/* Begin PBXFrameworksBuildPhase section */
		98F7997A2A96074400DA8E83 /* Frameworks */ = {
			isa = PBXFrameworksBuildPhase;
			buildActionMask = 2147483647;
			files = (
				C83723F8D47572473137061D /* Pods_Instagram.framework in Frameworks */,
			);
			runOnlyForDeploymentPostprocessing = 0;
		};
/* End PBXFrameworksBuildPhase section */

/* Begin PBXGroup section */
		98F799742A96074400DA8E83 = {
			isa = PBXGroup;
			children = (
				98F7997F2A96074400DA8E83 /* Instagram */,
				98F7997E2A96074400DA8E83 /* Products */,
				D3B6A501D5B5DD70D0114F09 /* Pods */,
				B28E10732E7DFD4E58EFFFB7 /* Frameworks */,
			);
			sourceTree = "<group>";
		};
		98F7997E2A96074400DA8E83 /* Products */ = {
			isa = PBXGroup;
			children = (
				98F7997D2A96074400DA8E83 /* Instagram.app */,
			);
			name = Products;
			sourceTree = "<group>";
		};
		98F7997F2A96074400DA8E83 /* Instagram */ = {
			isa = PBXGroup;
			children = (
				98F799802A96074400DA8E83 /* AppDelegate.swift */,
				98F799822A96074400DA8E83 /* SceneDelegate.swift */,
				98F799942A9607CD00DA8E83 /* LoginViewController.swift */,
				98A76BA52A9C360E0088EF41 /* HomeViewController.swift */,
				98A76BA72A9C36200088EF41 /* ImageSelectViewController.swift */,
				98A76BA92A9C36350088EF41 /* PostViewController.swift */,
				98A76BAB2A9C364A0088EF41 /* SettingViewController.swift */,
				98A76BAD2A9C40290088EF41 /* ViewController.swift */,
				98A76BAF2A9C47D60088EF41 /* TabBarController.swift */,
				98F799862A96074400DA8E83 /* Main.storyboard */,
				98F799892A96074600DA8E83 /* Assets.xcassets */,
				98F7998B2A96074600DA8E83 /* LaunchScreen.storyboard */,
				98F7998E2A96074600DA8E83 /* Info.plist */,
				9806DCCD2AA07F4900BE9A5D /* GoogleService-Info.plist */,
				9844CA352AA1C721009D8ACC /* Const.swift */,
			);
			path = Instagram;
			sourceTree = "<group>";
		};
		B28E10732E7DFD4E58EFFFB7 /* Frameworks */ = {
			isa = PBXGroup;
			children = (
				68AB35C852FFEC117C7EE02F /* Pods_Instagram.framework */,
			);
			name = Frameworks;
			sourceTree = "<group>";
		};
		D3B6A501D5B5DD70D0114F09 /* Pods */ = {
			isa = PBXGroup;
			children = (
				1690EE725F18260F4208DB9F /* Pods-Instagram.debug.xcconfig */,
				42CADBA5ED008EE56BEAF9D2 /* Pods-Instagram.release.xcconfig */,
			);
			path = Pods;
			sourceTree = "<group>";
		};
/* End PBXGroup section */

/* Begin PBXNativeTarget section */
		98F7997C2A96074400DA8E83 /* Instagram */ = {
			isa = PBXNativeTarget;
			buildConfigurationList = 98F799912A96074600DA8E83 /* Build configuration list for PBXNativeTarget "Instagram" */;
			buildPhases = (
				78BC10D67993FD0F69F56528 /* [CP] Check Pods Manifest.lock */,
				98F799792A96074400DA8E83 /* Sources */,
				98F7997A2A96074400DA8E83 /* Frameworks */,
				98F7997B2A96074400DA8E83 /* Resources */,
				487FDCD68DEB474127D8679E /* [CP] Embed Pods Frameworks */,
			);
			buildRules = (
			);
			dependencies = (
			);
			name = Instagram;
			productName = Instagram;
			productReference = 98F7997D2A96074400DA8E83 /* Instagram.app */;
			productType = "com.apple.product-type.application";
		};
/* End PBXNativeTarget section */

/* Begin PBXProject section */
		98F799752A96074400DA8E83 /* Project object */ = {
			isa = PBXProject;
			attributes = {
				BuildIndependentTargetsInParallel = 1;
				LastSwiftUpdateCheck = 1410;
				LastUpgradeCheck = 1410;
				TargetAttributes = {
					98F7997C2A96074400DA8E83 = {
						CreatedOnToolsVersion = 14.1;
					};
				};
			};
			buildConfigurationList = 98F799782A96074400DA8E83 /* Build configuration list for PBXProject "Instagram" */;
			compatibilityVersion = "Xcode 14.0";
			developmentRegion = en;
			hasScannedForEncodings = 0;
			knownRegions = (
				en,
				Base,
			);
			mainGroup = 98F799742A96074400DA8E83;
			productRefGroup = 98F7997E2A96074400DA8E83 /* Products */;
			projectDirPath = "";
			projectRoot = "";
			targets = (
				98F7997C2A96074400DA8E83 /* Instagram */,
			);
		};
/* End PBXProject section */

/* Begin PBXResourcesBuildPhase section */
		98F7997B2A96074400DA8E83 /* Resources */ = {
			isa = PBXResourcesBuildPhase;
			buildActionMask = 2147483647;
			files = (
				98F7998D2A96074600DA8E83 /* LaunchScreen.storyboard in Resources */,
				9806DCCE2AA07F4900BE9A5D /* GoogleService-Info.plist in Resources */,
				98F7998A2A96074600DA8E83 /* Assets.xcassets in Resources */,
				98F799882A96074400DA8E83 /* Main.storyboard in Resources */,
			);
			runOnlyForDeploymentPostprocessing = 0;
		};
/* End PBXResourcesBuildPhase section */

/* Begin PBXShellScriptBuildPhase section */
		487FDCD68DEB474127D8679E /* [CP] Embed Pods Frameworks */ = {
			isa = PBXShellScriptBuildPhase;
			buildActionMask = 2147483647;
			files = (
			);
			inputFileListPaths = (
				"${PODS_ROOT}/Target Support Files/Pods-Instagram/Pods-Instagram-frameworks-${CONFIGURATION}-input-files.xcfilelist",
			);
			name = "[CP] Embed Pods Frameworks";
			outputFileListPaths = (
				"${PODS_ROOT}/Target Support Files/Pods-Instagram/Pods-Instagram-frameworks-${CONFIGURATION}-output-files.xcfilelist",
			);
			runOnlyForDeploymentPostprocessing = 0;
			shellPath = /bin/sh;
			shellScript = "\"${PODS_ROOT}/Target Support Files/Pods-Instagram/Pods-Instagram-frameworks.sh\"\n";
			showEnvVarsInLog = 0;
		};
		78BC10D67993FD0F69F56528 /* [CP] Check Pods Manifest.lock */ = {
			isa = PBXShellScriptBuildPhase;
			buildActionMask = 2147483647;
			files = (
			);
			inputFileListPaths = (
			);
			inputPaths = (
				"${PODS_PODFILE_DIR_PATH}/Podfile.lock",
				"${PODS_ROOT}/Manifest.lock",
			);
			name = "[CP] Check Pods Manifest.lock";
			outputFileListPaths = (
			);
			outputPaths = (
				"$(DERIVED_FILE_DIR)/Pods-Instagram-checkManifestLockResult.txt",
			);
			runOnlyForDeploymentPostprocessing = 0;
			shellPath = /bin/sh;
			shellScript = "diff \"${PODS_PODFILE_DIR_PATH}/Podfile.lock\" \"${PODS_ROOT}/Manifest.lock\" > /dev/null\nif [ $? != 0 ] ; then\n    # print error to STDERR\n    echo \"error: The sandbox is not in sync with the Podfile.lock. Run 'pod install' or update your CocoaPods installation.\" >&2\n    exit 1\nfi\n# This output is used by Xcode 'outputs' to avoid re-running this script phase.\necho \"SUCCESS\" > \"${SCRIPT_OUTPUT_FILE_0}\"\n";
			showEnvVarsInLog = 0;
		};
/* End PBXShellScriptBuildPhase section */

/* Begin PBXSourcesBuildPhase section */
		98F799792A96074400DA8E83 /* Sources */ = {
			isa = PBXSourcesBuildPhase;
			buildActionMask = 2147483647;
			files = (
				98A76BA82A9C36200088EF41 /* ImageSelectViewController.swift in Sources */,
				98A76BA62A9C360E0088EF41 /* HomeViewController.swift in Sources */,
				98A76BAA2A9C36350088EF41 /* PostViewController.swift in Sources */,
				98A76BB02A9C47D60088EF41 /* TabBarController.swift in Sources */,
				98A76BAC2A9C364A0088EF41 /* SettingViewController.swift in Sources */,
				98F799952A9607CD00DA8E83 /* LoginViewController.swift in Sources */,
				98F799812A96074400DA8E83 /* AppDelegate.swift in Sources */,
				98A76BAE2A9C40290088EF41 /* ViewController.swift in Sources */,
				98F799832A96074400DA8E83 /* SceneDelegate.swift in Sources */,
				9844CA362AA1C721009D8ACC /* Const.swift in Sources */,
			);
			runOnlyForDeploymentPostprocessing = 0;
		};
/* End PBXSourcesBuildPhase section */

/* Begin PBXVariantGroup section */
		98F799862A96074400DA8E83 /* Main.storyboard */ = {
			isa = PBXVariantGroup;
			children = (
				98F799872A96074400DA8E83 /* Base */,
			);
			name = Main.storyboard;
			sourceTree = "<group>";
		};
		98F7998B2A96074600DA8E83 /* LaunchScreen.storyboard */ = {
			isa = PBXVariantGroup;
			children = (
				98F7998C2A96074600DA8E83 /* Base */,
			);
			name = LaunchScreen.storyboard;
			sourceTree = "<group>";
		};
/* End PBXVariantGroup section */

/* Begin XCBuildConfiguration section */
		98F7998F2A96074600DA8E83 /* Debug */ = {
			isa = XCBuildConfiguration;
			buildSettings = {
				ALWAYS_SEARCH_USER_PATHS = NO;
				CLANG_ANALYZER_NONNULL = YES;
				CLANG_ANALYZER_NUMBER_OBJECT_CONVERSION = YES_AGGRESSIVE;
				CLANG_CXX_LANGUAGE_STANDARD = "gnu++20";
				CLANG_ENABLE_MODULES = YES;
				CLANG_ENABLE_OBJC_ARC = YES;
				CLANG_ENABLE_OBJC_WEAK = YES;
				CLANG_WARN_BLOCK_CAPTURE_AUTORELEASING = YES;
				CLANG_WARN_BOOL_CONVERSION = YES;
				CLANG_WARN_COMMA = YES;
				CLANG_WARN_CONSTANT_CONVERSION = YES;
				CLANG_WARN_DEPRECATED_OBJC_IMPLEMENTATIONS = YES;
				CLANG_WARN_DIRECT_OBJC_ISA_USAGE = YES_ERROR;
				CLANG_WARN_DOCUMENTATION_COMMENTS = YES;
				CLANG_WARN_EMPTY_BODY = YES;
				CLANG_WARN_ENUM_CONVERSION = YES;
				CLANG_WARN_INFINITE_RECURSION = YES;
				CLANG_WARN_INT_CONVERSION = YES;
				CLANG_WARN_NON_LITERAL_NULL_CONVERSION = YES;
				CLANG_WARN_OBJC_IMPLICIT_RETAIN_SELF = YES;
				CLANG_WARN_OBJC_LITERAL_CONVERSION = YES;
				CLANG_WARN_OBJC_ROOT_CLASS = YES_ERROR;
				CLANG_WARN_QUOTED_INCLUDE_IN_FRAMEWORK_HEADER = YES;
				CLANG_WARN_RANGE_LOOP_ANALYSIS = YES;
				CLANG_WARN_STRICT_PROTOTYPES = YES;
				CLANG_WARN_SUSPICIOUS_MOVE = YES;
				CLANG_WARN_UNGUARDED_AVAILABILITY = YES_AGGRESSIVE;
				CLANG_WARN_UNREACHABLE_CODE = YES;
				CLANG_WARN__DUPLICATE_METHOD_MATCH = YES;
				COPY_PHASE_STRIP = NO;
				DEBUG_INFORMATION_FORMAT = dwarf;
				ENABLE_STRICT_OBJC_MSGSEND = YES;
				ENABLE_TESTABILITY = YES;
				GCC_C_LANGUAGE_STANDARD = gnu11;
				GCC_DYNAMIC_NO_PIC = NO;
				GCC_NO_COMMON_BLOCKS = YES;
				GCC_OPTIMIZATION_LEVEL = 0;
				GCC_PREPROCESSOR_DEFINITIONS = (
					"DEBUG=1",
					"$(inherited)",
				);
				GCC_WARN_64_TO_32_BIT_CONVERSION = YES;
				GCC_WARN_ABOUT_RETURN_TYPE = YES_ERROR;
				GCC_WARN_UNDECLARED_SELECTOR = YES;
				GCC_WARN_UNINITIALIZED_AUTOS = YES_AGGRESSIVE;
				GCC_WARN_UNUSED_FUNCTION = YES;
				GCC_WARN_UNUSED_VARIABLE = YES;
				IPHONEOS_DEPLOYMENT_TARGET = 16.1;
				MTL_ENABLE_DEBUG_INFO = INCLUDE_SOURCE;
				MTL_FAST_MATH = YES;
				ONLY_ACTIVE_ARCH = YES;
				SDKROOT = iphoneos;
				SWIFT_ACTIVE_COMPILATION_CONDITIONS = DEBUG;
				SWIFT_OPTIMIZATION_LEVEL = "-Onone";
			};
			name = Debug;
		};
		98F799902A96074600DA8E83 /* Release */ = {
			isa = XCBuildConfiguration;
			buildSettings = {
				ALWAYS_SEARCH_USER_PATHS = NO;
				CLANG_ANALYZER_NONNULL = YES;
				CLANG_ANALYZER_NUMBER_OBJECT_CONVERSION = YES_AGGRESSIVE;
				CLANG_CXX_LANGUAGE_STANDARD = "gnu++20";
				CLANG_ENABLE_MODULES = YES;
				CLANG_ENABLE_OBJC_ARC = YES;
				CLANG_ENABLE_OBJC_WEAK = YES;
				CLANG_WARN_BLOCK_CAPTURE_AUTORELEASING = YES;
				CLANG_WARN_BOOL_CONVERSION = YES;
				CLANG_WARN_COMMA = YES;
				CLANG_WARN_CONSTANT_CONVERSION = YES;
				CLANG_WARN_DEPRECATED_OBJC_IMPLEMENTATIONS = YES;
				CLANG_WARN_DIRECT_OBJC_ISA_USAGE = YES_ERROR;
				CLANG_WARN_DOCUMENTATION_COMMENTS = YES;
				CLANG_WARN_EMPTY_BODY = YES;
				CLANG_WARN_ENUM_CONVERSION = YES;
				CLANG_WARN_INFINITE_RECURSION = YES;
				CLANG_WARN_INT_CONVERSION = YES;
				CLANG_WARN_NON_LITERAL_NULL_CONVERSION = YES;
				CLANG_WARN_OBJC_IMPLICIT_RETAIN_SELF = YES;
				CLANG_WARN_OBJC_LITERAL_CONVERSION = YES;
				CLANG_WARN_OBJC_ROOT_CLASS = YES_ERROR;
				CLANG_WARN_QUOTED_INCLUDE_IN_FRAMEWORK_HEADER = YES;
				CLANG_WARN_RANGE_LOOP_ANALYSIS = YES;
				CLANG_WARN_STRICT_PROTOTYPES = YES;
				CLANG_WARN_SUSPICIOUS_MOVE = YES;
				CLANG_WARN_UNGUARDED_AVAILABILITY = YES_AGGRESSIVE;
				CLANG_WARN_UNREACHABLE_CODE = YES;
				CLANG_WARN__DUPLICATE_METHOD_MATCH = YES;
				COPY_PHASE_STRIP = NO;
				DEBUG_INFORMATION_FORMAT = "dwarf-with-dsym";
				ENABLE_NS_ASSERTIONS = NO;
				ENABLE_STRICT_OBJC_MSGSEND = YES;
				GCC_C_LANGUAGE_STANDARD = gnu11;
				GCC_NO_COMMON_BLOCKS = YES;
				GCC_WARN_64_TO_32_BIT_CONVERSION = YES;
				GCC_WARN_ABOUT_RETURN_TYPE = YES_ERROR;
				GCC_WARN_UNDECLARED_SELECTOR = YES;
				GCC_WARN_UNINITIALIZED_AUTOS = YES_AGGRESSIVE;
				GCC_WARN_UNUSED_FUNCTION = YES;
				GCC_WARN_UNUSED_VARIABLE = YES;
				IPHONEOS_DEPLOYMENT_TARGET = 16.1;
				MTL_ENABLE_DEBUG_INFO = NO;
				MTL_FAST_MATH = YES;
				SDKROOT = iphoneos;
				SWIFT_COMPILATION_MODE = wholemodule;
				SWIFT_OPTIMIZATION_LEVEL = "-O";
				VALIDATE_PRODUCT = YES;
			};
			name = Release;
		};
		98F799922A96074600DA8E83 /* Debug */ = {
			isa = XCBuildConfiguration;
			baseConfigurationReference = 1690EE725F18260F4208DB9F /* Pods-Instagram.debug.xcconfig */;
			buildSettings = {
				ASSETCATALOG_COMPILER_APPICON_NAME = AppIcon;
				ASSETCATALOG_COMPILER_GLOBAL_ACCENT_COLOR_NAME = AccentColor;
				CODE_SIGN_STYLE = Automatic;
				CURRENT_PROJECT_VERSION = 1;
				DEVELOPMENT_TEAM = FFVY9T4L8Z;
				GENERATE_INFOPLIST_FILE = YES;
				INFOPLIST_FILE = Instagram/Info.plist;
				INFOPLIST_KEY_NSCameraUsageDescription = "本アプリは、画像の投稿及び編集のため、カメラの使用許可を求めます。";
				INFOPLIST_KEY_UIApplicationSupportsIndirectInputEvents = YES;
				INFOPLIST_KEY_UILaunchStoryboardName = LaunchScreen;
				INFOPLIST_KEY_UIMainStoryboardFile = Main;
				INFOPLIST_KEY_UISupportedInterfaceOrientations = UIInterfaceOrientationPortrait;
				INFOPLIST_KEY_UISupportedInterfaceOrientations_iPad = "UIInterfaceOrientationLandscapeLeft UIInterfaceOrientationLandscapeRight UIInterfaceOrientationPortrait UIInterfaceOrientationPortraitUpsideDown";
				LD_RUNPATH_SEARCH_PATHS = (
					"$(inherited)",
					"@executable_path/Frameworks",
				);
				MARKETING_VERSION = 1.0;
				PRODUCT_BUNDLE_IDENTIFIER = jp.techacademy.tatsuya.eguchi.Instagram;
				PRODUCT_NAME = "$(TARGET_NAME)";
				SUPPORTED_PLATFORMS = "iphoneos iphonesimulator";
				SUPPORTS_MACCATALYST = NO;
				SUPPORTS_MAC_DESIGNED_FOR_IPHONE_IPAD = NO;
				SWIFT_EMIT_LOC_STRINGS = YES;
				SWIFT_VERSION = 5.0;
				TARGETED_DEVICE_FAMILY = 1;
			};
			name = Debug;
		};
		98F799932A96074600DA8E83 /* Release */ = {
			isa = XCBuildConfiguration;
			baseConfigurationReference = 42CADBA5ED008EE56BEAF9D2 /* Pods-Instagram.release.xcconfig */;
			buildSettings = {
				ASSETCATALOG_COMPILER_APPICON_NAME = AppIcon;
				ASSETCATALOG_COMPILER_GLOBAL_ACCENT_COLOR_NAME = AccentColor;
				CODE_SIGN_STYLE = Automatic;
				CURRENT_PROJECT_VERSION = 1;
				DEVELOPMENT_TEAM = FFVY9T4L8Z;
				GENERATE_INFOPLIST_FILE = YES;
				INFOPLIST_FILE = Instagram/Info.plist;
				INFOPLIST_KEY_NSCameraUsageDescription = "本アプリは、画像の投稿及び編集のため、カメラの使用許可を求めます。";
				INFOPLIST_KEY_UIApplicationSupportsIndirectInputEvents = YES;
				INFOPLIST_KEY_UILaunchStoryboardName = LaunchScreen;
				INFOPLIST_KEY_UIMainStoryboardFile = Main;
				INFOPLIST_KEY_UISupportedInterfaceOrientations = UIInterfaceOrientationPortrait;
				INFOPLIST_KEY_UISupportedInterfaceOrientations_iPad = "UIInterfaceOrientationLandscapeLeft UIInterfaceOrientationLandscapeRight UIInterfaceOrientationPortrait UIInterfaceOrientationPortraitUpsideDown";
				LD_RUNPATH_SEARCH_PATHS = (
					"$(inherited)",
					"@executable_path/Frameworks",
				);
				MARKETING_VERSION = 1.0;
				PRODUCT_BUNDLE_IDENTIFIER = jp.techacademy.tatsuya.eguchi.Instagram;
				PRODUCT_NAME = "$(TARGET_NAME)";
				SUPPORTED_PLATFORMS = "iphoneos iphonesimulator";
				SUPPORTS_MACCATALYST = NO;
				SUPPORTS_MAC_DESIGNED_FOR_IPHONE_IPAD = NO;
				SWIFT_EMIT_LOC_STRINGS = YES;
				SWIFT_VERSION = 5.0;
				TARGETED_DEVICE_FAMILY = 1;
			};
			name = Release;
		};
/* End XCBuildConfiguration section */

/* Begin XCConfigurationList section */
		98F799782A96074400DA8E83 /* Build configuration list for PBXProject "Instagram" */ = {
			isa = XCConfigurationList;
			buildConfigurations = (
				98F7998F2A96074600DA8E83 /* Debug */,
				98F799902A96074600DA8E83 /* Release */,
			);
			defaultConfigurationIsVisible = 0;
			defaultConfigurationName = Release;
		};
		98F799912A96074600DA8E83 /* Build configuration list for PBXNativeTarget "Instagram" */ = {
			isa = XCConfigurationList;
			buildConfigurations = (
				98F799922A96074600DA8E83 /* Debug */,
				98F799932A96074600DA8E83 /* Release */,
			);
			defaultConfigurationIsVisible = 0;
			defaultConfigurationName = Release;
		};
/* End XCConfigurationList section */
	};
	rootObject = 98F799752A96074400DA8E83 /* Project object */;
}
